<?xml version="1.0" encoding="utf-8"?>
<Project ToolsVersion="4.0" xmlns="http://schemas.microsoft.com/developer/msbuild/2003">
  <ItemGroup>
    <Filter Include="Source Files">
      <UniqueIdentifier>{4FC737F1-C7A5-4376-A066-2A32D752A2FF}</UniqueIdentifier>
      <Extensions>cpp;c;cc;cxx;c++;cppm;ixx;def;odl;idl;hpj;bat;asm;asmx;h;hh;hpp;hxx;h++;hm;inl;inc;ipp;xsd</Extensions>
    </Filter>
    <Filter Include="Resource Files">
      <UniqueIdentifier>{67DA6AB6-F800-4c08-8B7A-83BB121AAD01}</UniqueIdentifier>
      <Extensions>rc;ico;cur;bmp;dlg;rc2;rct;bin;rgs;gif;jpg;jpeg;jpe;resx;tiff;tif;png;wav;mfcribbon-ms</Extensions>
    </Filter>
    <Filter Include="Source Files\include">
      <UniqueIdentifier>{4111cfcc-eacc-4f67-aa4b-5a246aa5a35d}</UniqueIdentifier>
    </Filter>
    <Filter Include="Source Files\external">
      <UniqueIdentifier>{22223571-c3ef-45b0-bc54-32294d307d8c}</UniqueIdentifier>
    </Filter>
    <Filter Include="Source Files\external\optick">
      <UniqueIdentifier>{2f39c875-810c-4061-8423-c11d43727c9c}</UniqueIdentifier>
    </Filter>
    <Filter Include="Source Files\include\external">
      <UniqueIdentifier>{bb8e27bb-a0a6-40c1-a02b-c1de42ae2dab}</UniqueIdentifier>
    </Filter>
    <Filter Include="Source Files\include\external\optick">
      <UniqueIdentifier>{9677c448-338b-486a-8e65-ea47ec7485a6}</UniqueIdentifier>
    </Filter>
    <Filter Include="Source Files\include\external\libconfini">
      <UniqueIdentifier>{7acef87b-f95d-4e90-bff8-b4f10bc20f10}</UniqueIdentifier>
    </Filter>
    <Filter Include="Source Files\shaders">
      <UniqueIdentifier>{863bea8a-3423-462c-bac1-085f6814077c}</UniqueIdentifier>
    </Filter>
    <Filter Include="Source Files\external\DirectXTex">
      <UniqueIdentifier>{24a36dc2-c091-47b7-8416-b7d37df0bd6b}</UniqueIdentifier>
    </Filter>
  </ItemGroup>
  <ItemGroup>
    <ClCompile Include="source\Core.cpp">
      <Filter>Source Files</Filter>
    </ClCompile>
    <ClCompile Include="source\Math.cpp">
      <Filter>Source Files</Filter>
    </ClCompile>
    <ClCompile Include="source\Task.cpp">
      <Filter>Source Files</Filter>
    </ClCompile>
    <ClCompile Include="source\File.cpp">
      <Filter>Source Files</Filter>
    </ClCompile>
    <ClCompile Include="source\String.cpp">
      <Filter>Source Files</Filter>
    </ClCompile>
    <ClCompile Include="source\Image.cpp">
      <Filter>Source Files</Filter>
    </ClCompile>
    <ClCompile Include="source\external\lodepng.cpp">
      <Filter>Source Files\external</Filter>
    </ClCompile>
    <ClCompile Include="source\Input.cpp">
      <Filter>Source Files</Filter>
    </ClCompile>
    <ClCompile Include="source\WindowsPlatform.cpp">
      <Filter>Source Files</Filter>
    </ClCompile>
    <ClCompile Include="source\external\optick\optick_capi.cpp">
      <Filter>Source Files\external\optick</Filter>
    </ClCompile>
    <ClCompile Include="source\external\optick\optick_core.cpp">
      <Filter>Source Files\external\optick</Filter>
    </ClCompile>
    <ClCompile Include="source\external\optick\optick_gpu.cpp">
      <Filter>Source Files\external\optick</Filter>
    </ClCompile>
    <ClCompile Include="source\external\optick\optick_gpu.d3d12.cpp">
      <Filter>Source Files\external\optick</Filter>
    </ClCompile>
    <ClCompile Include="source\external\optick\optick_gpu.vulkan.cpp">
      <Filter>Source Files\external\optick</Filter>
    </ClCompile>
    <ClCompile Include="source\external\optick\optick_message.cpp">
      <Filter>Source Files\external\optick</Filter>
    </ClCompile>
    <ClCompile Include="source\external\optick\optick_miniz.cpp">
      <Filter>Source Files\external\optick</Filter>
    </ClCompile>
    <ClCompile Include="source\external\optick\optick_serialization.cpp">
      <Filter>Source Files\external\optick</Filter>
    </ClCompile>
    <ClCompile Include="source\external\optick\optick_server.cpp">
      <Filter>Source Files\external\optick</Filter>
    </ClCompile>
    <ClCompile Include="source\Asset.cpp">
      <Filter>Source Files</Filter>
    </ClCompile>
    <ClCompile Include="source\Memory.cpp">
      <Filter>Source Files</Filter>
    </ClCompile>
    <ClCompile Include="source\Config.cpp">
      <Filter>Source Files</Filter>
    </ClCompile>
    <ClCompile Include="source\D3D11.cpp">
      <Filter>Source Files</Filter>
    </ClCompile>
    <ClCompile Include="source\external\DirextXTex\DDSTextureLoader11.cpp">
      <Filter>Source Files\external\DirectXTex</Filter>
    </ClCompile>
  </ItemGroup>
  <ItemGroup>
    <ClInclude Include="..\..\include\Core\Core.hpp">
      <Filter>Source Files\include</Filter>
    </ClInclude>
    <ClInclude Include="..\..\include\Core\Input.hpp">
      <Filter>Source Files\include</Filter>
    </ClInclude>
    <ClInclude Include="..\..\include\Core\Math.hpp">
      <Filter>Source Files\include</Filter>
    </ClInclude>
    <ClInclude Include="..\..\include\Core\Task.hpp">
      <Filter>Source Files\include</Filter>
    </ClInclude>
    <ClInclude Include="..\..\include\Core\File.hpp">
      <Filter>Source Files\include</Filter>
    </ClInclude>
    <ClInclude Include="..\..\include\Core\String.hpp">
      <Filter>Source Files\include</Filter>
    </ClInclude>
    <ClInclude Include="..\..\include\Core\Image.hpp">
      <Filter>Source Files\include</Filter>
    </ClInclude>
    <ClInclude Include="..\..\include\Core\WindowsPlatform.h">
      <Filter>Source Files\include</Filter>
    </ClInclude>
    <ClInclude Include="source\external\optick\optick_capi.h">
      <Filter>Source Files\external\optick</Filter>
    </ClInclude>
    <ClInclude Include="source\external\optick\optick_common.h">
      <Filter>Source Files\external\optick</Filter>
    </ClInclude>
    <ClInclude Include="source\external\optick\optick_core.freebsd.h">
      <Filter>Source Files\external\optick</Filter>
    </ClInclude>
    <ClInclude Include="source\external\optick\optick_core.h">
      <Filter>Source Files\external\optick</Filter>
    </ClInclude>
    <ClInclude Include="source\external\optick\optick_core.linux.h">
      <Filter>Source Files\external\optick</Filter>
    </ClInclude>
    <ClInclude Include="source\external\optick\optick_core.macos.h">
      <Filter>Source Files\external\optick</Filter>
    </ClInclude>
    <ClInclude Include="source\external\optick\optick_core.platform.h">
      <Filter>Source Files\external\optick</Filter>
    </ClInclude>
    <ClInclude Include="source\external\optick\optick_core.win.h">
      <Filter>Source Files\external\optick</Filter>
    </ClInclude>
    <ClInclude Include="source\external\optick\optick_gpu.h">
      <Filter>Source Files\external\optick</Filter>
    </ClInclude>
    <ClInclude Include="source\external\optick\optick_memory.h">
      <Filter>Source Files\external\optick</Filter>
    </ClInclude>
    <ClInclude Include="source\external\optick\optick_message.h">
      <Filter>Source Files\external\optick</Filter>
    </ClInclude>
    <ClInclude Include="source\external\optick\optick_miniz.h">
      <Filter>Source Files\external\optick</Filter>
    </ClInclude>
    <ClInclude Include="source\external\optick\optick_serialization.h">
      <Filter>Source Files\external\optick</Filter>
    </ClInclude>
    <ClInclude Include="source\external\optick\optick_server.h">
      <Filter>Source Files\external\optick</Filter>
    </ClInclude>
    <ClInclude Include="..\..\include\external\optick\optick.config.h">
      <Filter>Source Files\include\external\optick</Filter>
    </ClInclude>
    <ClInclude Include="..\..\include\external\optick\optick.h">
      <Filter>Source Files\include\external\optick</Filter>
    </ClInclude>
    <ClInclude Include="..\..\include\Core\Asset.hpp">
      <Filter>Source Files\include</Filter>
    </ClInclude>
    <ClInclude Include="..\..\include\Core\Concurrency.hpp">
      <Filter>Source Files\include</Filter>
    </ClInclude>
    <ClInclude Include="..\..\include\Core\Memory.hpp">
      <Filter>Source Files\include</Filter>
    </ClInclude>
    <ClInclude Include="..\..\include\external\libconfini\confini.h">
      <Filter>Source Files\include\external\libconfini</Filter>
    </ClInclude>
    <ClInclude Include="..\..\include\Core\Config.hpp">
      <Filter>Source Files\include</Filter>
    </ClInclude>
    <ClInclude Include="..\..\include\Core\D3D11.hpp">
      <Filter>Source Files\include</Filter>
    </ClInclude>
    <ClInclude Include="source\external\DirextXTex\DDSTextureLoader11.h">
      <Filter>Source Files\external\DirectXTex</Filter>
    </ClInclude>
  </ItemGroup>
  <ItemGroup>
    <None Include="..\..\include\Core\Input.inl">
      <Filter>Source Files\include</Filter>
    </None>
    <None Include="..\..\include\Core\ShaderRegistryHeader.inl">
      <Filter>Source Files\include</Filter>
    </None>
    <None Include="..\..\include\Core\ShaderRegistryImpl.inl">
      <Filter>Source Files\include</Filter>
    </None>
  </ItemGroup>
  <ItemGroup>
    <FxCompile Include="source\shaders\FullScreen.vs.hlsl">
      <Filter>Source Files\shaders</Filter>
    </FxCompile>
    <FxCompile Include="source\shaders\ToneMapping.ps.hlsl">
      <Filter>Source Files\shaders</Filter>
    </FxCompile>
  </ItemGroup>
</Project>